// !$*UTF8*$!
{
	archiveVersion = 1;
	classes = {
	};
	objectVersion = 46;
	objects = {

/* Begin PBXBuildFile section */
		792291E815EFCE2500DB47ED /* UIKit.framework in Frameworks */ = {isa = PBXBuildFile; fileRef = 792291E715EFCE2500DB47ED /* UIKit.framework */; };
		792291EA15EFCE2500DB47ED /* Foundation.framework in Frameworks */ = {isa = PBXBuildFile; fileRef = 792291E915EFCE2500DB47ED /* Foundation.framework */; };
		792291EC15EFCE2500DB47ED /* CoreGraphics.framework in Frameworks */ = {isa = PBXBuildFile; fileRef = 792291EB15EFCE2500DB47ED /* CoreGraphics.framework */; };
		792291F215EFCE2500DB47ED /* InfoPlist.strings in Resources */ = {isa = PBXBuildFile; fileRef = 792291F015EFCE2500DB47ED /* InfoPlist.strings */; };
		792291F415EFCE2500DB47ED /* main.m in Sources */ = {isa = PBXBuildFile; fileRef = 792291F315EFCE2500DB47ED /* main.m */; };
		792291F815EFCE2500DB47ED /* TimerAppDelegate.m in Sources */ = {isa = PBXBuildFile; fileRef = 792291F715EFCE2500DB47ED /* TimerAppDelegate.m */; };
		792291FB15EFCE2500DB47ED /* MainStoryboard.storyboard in Resources */ = {isa = PBXBuildFile; fileRef = 792291F915EFCE2500DB47ED /* MainStoryboard.storyboard */; };
		792291FE15EFCE2500DB47ED /* TimerViewController.m in Sources */ = {isa = PBXBuildFile; fileRef = 792291FD15EFCE2500DB47ED /* TimerViewController.m */; };
/* End PBXBuildFile section */

/* Begin PBXFileReference section */
		792291E315EFCE2500DB47ED /* PruebasTimer.app */ = {isa = PBXFileReference; explicitFileType = wrapper.application; includeInIndex = 0; path = PruebasTimer.app; sourceTree = BUILT_PRODUCTS_DIR; };
		792291E715EFCE2500DB47ED /* UIKit.framework */ = {isa = PBXFileReference; lastKnownFileType = wrapper.framework; name = UIKit.framework; path = System/Library/Frameworks/UIKit.framework; sourceTree = SDKROOT; };
		792291E915EFCE2500DB47ED /* Foundation.framework */ = {isa = PBXFileReference; lastKnownFileType = wrapper.framework; name = Foundation.framework; path = System/Library/Frameworks/Foundation.framework; sourceTree = SDKROOT; };
		792291EB15EFCE2500DB47ED /* CoreGraphics.framework */ = {isa = PBXFileReference; lastKnownFileType = wrapper.framework; name = CoreGraphics.framework; path = System/Library/Frameworks/CoreGraphics.framework; sourceTree = SDKROOT; };
		792291EF15EFCE2500DB47ED /* PruebasTimer-Info.plist */ = {isa = PBXFileReference; lastKnownFileType = text.plist.xml; path = "PruebasTimer-Info.plist"; sourceTree = "<group>"; };
		792291F115EFCE2500DB47ED /* en */ = {isa = PBXFileReference; lastKnownFileType = text.plist.strings; name = en; path = en.lproj/InfoPlist.strings; sourceTree = "<group>"; };
		792291F315EFCE2500DB47ED /* main.m */ = {isa = PBXFileReference; lastKnownFileType = sourcecode.c.objc; path = main.m; sourceTree = "<group>"; };
		792291F515EFCE2500DB47ED /* PruebasTimer-Prefix.pch */ = {isa = PBXFileReference; lastKnownFileType = sourcecode.c.h; path = "PruebasTimer-Prefix.pch"; sourceTree = "<group>"; };
		792291F615EFCE2500DB47ED /* TimerAppDelegate.h */ = {isa = PBXFileReference; lastKnownFileType = sourcecode.c.h; path = TimerAppDelegate.h; sourceTree = "<group>"; };
		792291F715EFCE2500DB47ED /* TimerAppDelegate.m */ = {isa = PBXFileReference; lastKnownFileType = sourcecode.c.objc; path = TimerAppDelegate.m; sourceTree = "<group>"; };
		792291FA15EFCE2500DB47ED /* en */ = {isa = PBXFileReference; lastKnownFileType = file.storyboard; name = en; path = en.lproj/MainStoryboard.storyboard; sourceTree = "<group>"; };
		792291FC15EFCE2500DB47ED /* TimerViewController.h */ = {isa = PBXFileReference; lastKnownFileType = sourcecode.c.h; path = TimerViewController.h; sourceTree = "<group>"; };
		792291FD15EFCE2500DB47ED /* TimerViewController.m */ = {isa = PBXFileReference; lastKnownFileType = sourcecode.c.objc; path = TimerViewController.m; sourceTree = "<group>"; };
/* End PBXFileReference section */

/* Begin PBXFrameworksBuildPhase section */
		792291E015EFCE2500DB47ED /* Frameworks */ = {
			isa = PBXFrameworksBuildPhase;
			buildActionMask = 2147483647;
			files = (
				792291E815EFCE2500DB47ED /* UIKit.framework in Frameworks */,
				792291EA15EFCE2500DB47ED /* Foundation.framework in Frameworks */,
				792291EC15EFCE2500DB47ED /* CoreGraphics.framework in Frameworks */,
			);
			runOnlyForDeploymentPostprocessing = 0;
		};
/* End PBXFrameworksBuildPhase section */

/* Begin PBXGroup section */
		792291D815EFCE2500DB47ED = {
			isa = PBXGroup;
			children = (
				792291ED15EFCE2500DB47ED /* PruebasTimer */,
				792291E615EFCE2500DB47ED /* Frameworks */,
				792291E415EFCE2500DB47ED /* Products */,
			);
			sourceTree = "<group>";
		};
		792291E415EFCE2500DB47ED /* Products */ = {
			isa = PBXGroup;
			children = (
				792291E315EFCE2500DB47ED /* PruebasTimer.app */,
			);
			name = Products;
			sourceTree = "<group>";
		};
		792291E615EFCE2500DB47ED /* Frameworks */ = {
			isa = PBXGroup;
			children = (
				792291E715EFCE2500DB47ED /* UIKit.framework */,
				792291E915EFCE2500DB47ED /* Foundation.framework */,
				792291EB15EFCE2500DB47ED /* CoreGraphics.framework */,
			);
			name = Frameworks;
			sourceTree = "<group>";
		};
		792291ED15EFCE2500DB47ED /* PruebasTimer */ = {
			isa = PBXGroup;
			children = (
				792291F915EFCE2500DB47ED /* MainStoryboard.storyboard */,
				792291FC15EFCE2500DB47ED /* TimerViewController.h */,
				792291FD15EFCE2500DB47ED /* TimerViewController.m */,
				792291EE15EFCE2500DB47ED /* Supporting Files */,
			);
			path = PruebasTimer;
			sourceTree = "<group>";
		};
		792291EE15EFCE2500DB47ED /* Supporting Files */ = {
			isa = PBXGroup;
			children = (
				792291F615EFCE2500DB47ED /* TimerAppDelegate.h */,
				792291F715EFCE2500DB47ED /* TimerAppDelegate.m */,
				792291EF15EFCE2500DB47ED /* PruebasTimer-Info.plist */,
				792291F015EFCE2500DB47ED /* InfoPlist.strings */,
				792291F315EFCE2500DB47ED /* main.m */,
				792291F515EFCE2500DB47ED /* PruebasTimer-Prefix.pch */,
			);
			name = "Supporting Files";
			sourceTree = "<group>";
		};
/* End PBXGroup section */

/* Begin PBXNativeTarget section */
		792291E215EFCE2500DB47ED /* PruebasTimer */ = {
			isa = PBXNativeTarget;
			buildConfigurationList = 7922920115EFCE2500DB47ED /* Build configuration list for PBXNativeTarget "PruebasTimer" */;
			buildPhases = (
				792291DF15EFCE2500DB47ED /* Sources */,
				792291E015EFCE2500DB47ED /* Frameworks */,
				792291E115EFCE2500DB47ED /* Resources */,
			);
			buildRules = (
			);
			dependencies = (
			);
			name = PruebasTimer;
			productName = PruebasTimer;
			productReference = 792291E315EFCE2500DB47ED /* PruebasTimer.app */;
			productType = "com.apple.product-type.application";
		};
/* End PBXNativeTarget section */

/* Begin PBXProject section */
		792291DA15EFCE2500DB47ED /* Project object */ = {
			isa = PBXProject;
			attributes = {
				CLASSPREFIX = Timer;
				LastUpgradeCheck = 0440;
				ORGANIZATIONNAME = "Ricardo Moya Garcia";
			};
			buildConfigurationList = 792291DD15EFCE2500DB47ED /* Build configuration list for PBXProject "PruebasTimer" */;
			compatibilityVersion = "Xcode 3.2";
			developmentRegion = English;
			hasScannedForEncodings = 0;
			knownRegions = (
				en,
			);
			mainGroup = 792291D815EFCE2500DB47ED;
			productRefGroup = 792291E415EFCE2500DB47ED /* Products */;
			projectDirPath = "";
			projectRoot = "";
			targets = (
				792291E215EFCE2500DB47ED /* PruebasTimer */,
			);
		};
/* End PBXProject section */

/* Begin PBXResourcesBuildPhase section */
		792291E115EFCE2500DB47ED /* Resources */ = {
			isa = PBXResourcesBuildPhase;
			buildActionMask = 2147483647;
			files = (
				792291F215EFCE2500DB47ED /* InfoPlist.strings in Resources */,
				792291FB15EFCE2500DB47ED /* MainStoryboard.storyboard in Resources */,
			);
			runOnlyForDeploymentPostprocessing = 0;
		};
/* End PBXResourcesBuildPhase section */

/* Begin PBXSourcesBuildPhase section */
		792291DF15EFCE2500DB47ED /* Sources */ = {
			isa = PBXSourcesBuildPhase;
			buildActionMask = 2147483647;
			files = (
				792291F415EFCE2500DB47ED /* main.m in Sources */,
				792291F815EFCE2500DB47ED /* TimerAppDelegate.m in Sources */,
				792291FE15EFCE2500DB47ED /* TimerViewController.m in Sources */,
			);
			runOnlyForDeploymentPostprocessing = 0;
		};
/* End PBXSourcesBuildPhase section */

/* Begin PBXVariantGroup section */
		792291F015EFCE2500DB47ED /* InfoPlist.strings */ = {
			isa = PBXVariantGroup;
			children = (
				792291F115EFCE2500DB47ED /* en */,
			);
			name = InfoPlist.strings;
			sourceTree = "<group>";
		};
		792291F915EFCE2500DB47ED /* MainStoryboard.storyboard */ = {
			isa = PBXVariantGroup;
			children = (
				792291FA15EFCE2500DB47ED /* en */,
			);
			name = MainStoryboard.storyboard;
			sourceTree = "<group>";
		};
/* End PBXVariantGroup section */

/* Begin XCBuildConfiguration section */
		792291FF15EFCE2500DB47ED /* Debug */ = {
			isa = XCBuildConfiguration;
			buildSettings = {
				ALWAYS_SEARCH_USER_PATHS = NO;
				ARCHS = "$(ARCHS_STANDARD_32_BIT)";
				CLANG_CXX_LANGUAGE_STANDARD = "gnu++0x";
				CLANG_ENABLE_OBJC_ARC = YES;
				CLANG_WARN__DUPLICATE_METHOD_MATCH = YES;
				"CODE_SIGN_IDENTITY[sdk=iphoneos*]" = "iPhone Developer";
				COPY_PHASE_STRIP = NO;
				GCC_C_LANGUAGE_STANDARD = gnu99;
				GCC_DYNAMIC_NO_PIC = NO;
				GCC_OPTIMIZATION_LEVEL = 0;
				GCC_PREPROCESSOR_DEFINITIONS = (
					"DEBUG=1",
					"$(inherited)",
				);
				GCC_SYMBOLS_PRIVATE_EXTERN = NO;
				GCC_VERSION = com.apple.compilers.llvm.clang.1_0;
				GCC_WARN_ABOUT_RETURN_TYPE = YES;
				GCC_WARN_UNINITIALIZED_AUTOS = YES;
				GCC_WARN_UNUSED_VARIABLE = YES;
				IPHONEOS_DEPLOYMENT_TARGET = 5.1;
				SDKROOT = iphoneos;
			};
			name = Debug;
		};
		7922920015EFCE2500DB47ED /* Release */ = {
			isa = XCBuildConfiguration;
			buildSettings = {
				ALWAYS_SEARCH_USER_PATHS = NO;
				ARCHS = "$(ARCHS_STANDARD_32_BIT)";
				CLANG_CXX_LANGUAGE_STANDARD = "gnu++0x";
				CLANG_ENABLE_OBJC_ARC = YES;
				CLANG_WARN__DUPLICATE_METHOD_MATCH = YES;
				"CODE_SIGN_IDENTITY[sdk=iphoneos*]" = "iPhone Developer";
				COPY_PHASE_STRIP = YES;
				GCC_C_LANGUAGE_STANDARD = gnu99;
				GCC_VERSION = com.apple.compilers.llvm.clang.1_0;
				GCC_WARN_ABOUT_RETURN_TYPE = YES;
				GCC_WARN_UNINITIALIZED_AUTOS = YES;
				GCC_WARN_UNUSED_VARIABLE = YES;
				IPHONEOS_DEPLOYMENT_TARGET = 5.1;
				OTHER_CFLAGS = "-DNS_BLOCK_ASSERTIONS=1";
				SDKROOT = iphoneos;
				VALIDATE_PRODUCT = YES;
			};
			name = Release;
		};
		7922920215EFCE2500DB47ED /* Debug */ = {
			isa = XCBuildConfiguration;
			buildSettings = {
				GCC_PRECOMPILE_PREFIX_HEADER = YES;
				GCC_PREFIX_HEADER = "PruebasTimer/PruebasTimer-Prefix.pch";
				INFOPLIST_FILE = "PruebasTimer/PruebasTimer-Info.plist";
				PRODUCT_NAME = "$(TARGET_NAME)";
				WRAPPER_EXTENSION = app;
			};
			name = Debug;
		};
		7922920315EFCE2500DB47ED /* Release */ = {
			isa = XCBuildConfiguration;
			buildSettings = {
				GCC_PRECOMPILE_PREFIX_HEADER = YES;
				GCC_PREFIX_HEADER = "PruebasTimer/PruebasTimer-Prefix.pch";
				INFOPLIST_FILE = "PruebasTimer/PruebasTimer-Info.plist";
				PRODUCT_NAME = "$(TARGET_NAME)";
				WRAPPER_EXTENSION = app;
			};
			name = Release;
		};
/* End XCBuildConfiguration section */

/* Begin XCConfigurationList section */
		792291DD15EFCE2500DB47ED /* Build configuration list for PBXProject "PruebasTimer" */ = {
			isa = XCConfigurationList;
			buildConfigurations = (
				792291FF15EFCE2500DB47ED /* Debug */,
				7922920015EFCE2500DB47ED /* Release */,
			);
			defaultConfigurationIsVisible = 0;
			defaultConfigurationName = Release;
		};
		7922920115EFCE2500DB47ED /* Build configuration list for PBXNativeTarget "PruebasTimer" */ = {
			isa = XCConfigurationList;
			buildConfigurations = (
				7922920215EFCE2500DB47ED /* Debug */,
				7922920315EFCE2500DB47ED /* Release */,
			);
			defaultConfigurationIsVisible = 0;
		};
/* End XCConfigurationList section */
	};
	rootObject = 792291DA15EFCE2500DB47ED /* Project object */;
}
